
Microsoft Visual Studio Solution File, Format Version 12.00
# Visual Studio Version 16
VisualStudioVersion = 16.0.31112.23
MinimumVisualStudioVersion = 10.0.40219.1
Project("{F2A71F9B-5D33-465A-A702-920D77279786}") = "Juniper", "Juniper\Juniper.fsproj", "{FD162836-9EC2-4379-8D9E-F17B3158C5BC}"
EndProject
Global
	GlobalSection(SolutionConfigurationPlatforms) = preSolution
		Debug|Any CPU = Debug|Any CPU
		Release|Any CPU = Release|Any CPU
	EndGlobalSection
	GlobalSection(ProjectConfigurationPlatforms) = postSolution
		{FD162836-9EC2-4379-8D9E-F17B3158C5BC}.Debug|Any CPU.ActiveCfg = Debug|Any CPU
		{FD162836-9EC2-4379-8D9E-F17B3158C5BC}.Debug|Any CPU.Build.0 = Debug|Any CPU
		{FD162836-9EC2-4379-8D9E-F17B3158C5BC}.Release|Any CPU.ActiveCfg = Release|Any CPU
		{FD162836-9EC2-4379-8D9E-F17B3158C5BC}.Release|Any CPU.Build.0 = Release|Any CPU
	EndGlobalSection
	GlobalSection(SolutionProperties) = preSolution
		HideSolutionNode = FALSE
	EndGlobalSection
	GlobalSection(ExtensibilityGlobals) = postSolution
		SolutionGuid = {B92374CE-D816-44D3-8E4F-35FA12663CF2}
	EndGlobalSection
EndGlobal
